
Microsoft Visual Studio Solution File, Format Version 12.00
# Visual Studio Version 17
VisualStudioVersion = 17.3.32819.101
MinimumVisualStudioVersion = 10.0.40219.1
Project("{FAE04EC0-301F-11D3-BF4B-00C04F79EFBC}") = "HtmlSerializer", "HtmlSerializer\HtmlSerializer.csproj", "{616ECC41-6E45-40F1-9599-2918BB08C157}"
EndProject
Global
	GlobalSection(SolutionConfigurationPlatforms) = preSolution
		Debug|Any CPU = Debug|Any CPU
		Release|Any CPU = Release|Any CPU
	EndGlobalSection
	GlobalSection(ProjectConfigurationPlatforms) = postSolution
		{616ECC41-6E45-40F1-9599-2918BB08C157}.Debug|Any CPU.ActiveCfg = Debug|Any CPU
		{616ECC41-6E45-40F1-9599-2918BB08C157}.Debug|Any CPU.Build.0 = Debug|Any CPU
		{616ECC41-6E45-40F1-9599-2918BB08C157}.Release|Any CPU.ActiveCfg = Release|Any CPU
		{616ECC41-6E45-40F1-9599-2918BB08C157}.Release|Any CPU.Build.0 = Release|Any CPU
	EndGlobalSection
	GlobalSection(SolutionProperties) = preSolution
		HideSolutionNode = FALSE
	EndGlobalSection
	GlobalSection(ExtensibilityGlobals) = postSolution
		SolutionGuid = {CEC9F5F3-642E-4480-9898-86374FF4866A}
	EndGlobalSection
EndGlobal
